
Microsoft Visual Studio Solution File, Format Version 12.00
# Visual Studio 2012
Project("{8BC9CEB8-8B4A-11D0-8D11-00A0C91BC942}") = "Kursova v5", "Kursova v5\Kursova v5.vcxproj", "{CABD7D28-524F-45AF-9809-CC53EC96393F}"
EndProject
Global
	GlobalSection(SolutionConfigurationPlatforms) = preSolution
		Debug|Win32 = Debug|Win32
		Release|Win32 = Release|Win32
	EndGlobalSection
	GlobalSection(ProjectConfigurationPlatforms) = postSolution
		{CABD7D28-524F-45AF-9809-CC53EC96393F}.Debug|Win32.ActiveCfg = Debug|Win32
		{CABD7D28-524F-45AF-9809-CC53EC96393F}.Debug|Win32.Build.0 = Debug|Win32
		{CABD7D28-524F-45AF-9809-CC53EC96393F}.Release|Win32.ActiveCfg = Release|Win32
		{CABD7D28-524F-45AF-9809-CC53EC96393F}.Release|Win32.Build.0 = Release|Win32
	EndGlobalSection
	GlobalSection(SolutionProperties) = preSolution
		HideSolutionNode = FALSE
	EndGlobalSection
EndGlobal
